
Microsoft Visual Studio Solution File, Format Version 12.00
# Visual Studio Version 17
VisualStudioVersion = 17.4.33205.214
MinimumVisualStudioVersion = 10.0.40219.1
Project("{9A19103F-16F7-4668-BE54-9A1E7A4F7556}") = "Day1", "Day1\Day1.csproj", "{EFA11084-6A13-469B-9CC2-FF72EC8CE484}"
EndProject
Project("{9A19103F-16F7-4668-BE54-9A1E7A4F7556}") = "Day2", "Day2\Day2.csproj", "{CFA7BC50-6009-44C4-B948-E60A704F0233}"
EndProject
Project("{9A19103F-16F7-4668-BE54-9A1E7A4F7556}") = "Day3", "Day3\Day3.csproj", "{3469F166-A8BC-4B52-B586-80B5A931DF4A}"
EndProject
Project("{FAE04EC0-301F-11D3-BF4B-00C04F79EFBC}") = "Day4", "Day4\Day4.csproj", "{C68AB42C-6407-4BE2-B73A-74B8BAE5879A}"
EndProject
Global
	GlobalSection(SolutionConfigurationPlatforms) = preSolution
		Debug|Any CPU = Debug|Any CPU
		Release|Any CPU = Release|Any CPU
	EndGlobalSection
	GlobalSection(ProjectConfigurationPlatforms) = postSolution
		{EFA11084-6A13-469B-9CC2-FF72EC8CE484}.Debug|Any CPU.ActiveCfg = Debug|Any CPU
		{EFA11084-6A13-469B-9CC2-FF72EC8CE484}.Debug|Any CPU.Build.0 = Debug|Any CPU
		{EFA11084-6A13-469B-9CC2-FF72EC8CE484}.Release|Any CPU.ActiveCfg = Release|Any CPU
		{EFA11084-6A13-469B-9CC2-FF72EC8CE484}.Release|Any CPU.Build.0 = Release|Any CPU
		{CFA7BC50-6009-44C4-B948-E60A704F0233}.Debug|Any CPU.ActiveCfg = Debug|Any CPU
		{CFA7BC50-6009-44C4-B948-E60A704F0233}.Debug|Any CPU.Build.0 = Debug|Any CPU
		{CFA7BC50-6009-44C4-B948-E60A704F0233}.Release|Any CPU.ActiveCfg = Release|Any CPU
		{CFA7BC50-6009-44C4-B948-E60A704F0233}.Release|Any CPU.Build.0 = Release|Any CPU
		{3469F166-A8BC-4B52-B586-80B5A931DF4A}.Debug|Any CPU.ActiveCfg = Debug|Any CPU
		{3469F166-A8BC-4B52-B586-80B5A931DF4A}.Debug|Any CPU.Build.0 = Debug|Any CPU
		{3469F166-A8BC-4B52-B586-80B5A931DF4A}.Release|Any CPU.ActiveCfg = Release|Any CPU
		{3469F166-A8BC-4B52-B586-80B5A931DF4A}.Release|Any CPU.Build.0 = Release|Any CPU
		{C68AB42C-6407-4BE2-B73A-74B8BAE5879A}.Debug|Any CPU.ActiveCfg = Debug|Any CPU
		{C68AB42C-6407-4BE2-B73A-74B8BAE5879A}.Debug|Any CPU.Build.0 = Debug|Any CPU
		{C68AB42C-6407-4BE2-B73A-74B8BAE5879A}.Release|Any CPU.ActiveCfg = Release|Any CPU
		{C68AB42C-6407-4BE2-B73A-74B8BAE5879A}.Release|Any CPU.Build.0 = Release|Any CPU
	EndGlobalSection
	GlobalSection(SolutionProperties) = preSolution
		HideSolutionNode = FALSE
	EndGlobalSection
	GlobalSection(ExtensibilityGlobals) = postSolution
		SolutionGuid = {E837377D-43CC-4CDD-8BBE-ED2497933A2E}
	EndGlobalSection
EndGlobal
